
Microsoft Visual Studio Solution File, Format Version 12.00
# Visual Studio Version 17
VisualStudioVersion = 17.3.32929.385
MinimumVisualStudioVersion = 10.0.40219.1
Project("{FAE04EC0-301F-11D3-BF4B-00C04F79EFBC}") = "AdventOfCode2022", "AdventOfCode2022\AdventOfCode2022.csproj", "{66587E7A-D1A0-4C73-B865-055C96516A83}"
EndProject
Global
	GlobalSection(SolutionConfigurationPlatforms) = preSolution
		Debug|Any CPU = Debug|Any CPU
		Release|Any CPU = Release|Any CPU
	EndGlobalSection
	GlobalSection(ProjectConfigurationPlatforms) = postSolution
		{66587E7A-D1A0-4C73-B865-055C96516A83}.Debug|Any CPU.ActiveCfg = Debug|Any CPU
		{66587E7A-D1A0-4C73-B865-055C96516A83}.Debug|Any CPU.Build.0 = Debug|Any CPU
		{66587E7A-D1A0-4C73-B865-055C96516A83}.Release|Any CPU.ActiveCfg = Release|Any CPU
		{66587E7A-D1A0-4C73-B865-055C96516A83}.Release|Any CPU.Build.0 = Release|Any CPU
	EndGlobalSection
	GlobalSection(SolutionProperties) = preSolution
		HideSolutionNode = FALSE
	EndGlobalSection
	GlobalSection(ExtensibilityGlobals) = postSolution
		SolutionGuid = {49B88E4D-C6B4-42A9-8D48-B07F2125E723}
	EndGlobalSection
EndGlobal
